# This file is automatically @generated by Cargo.
# It is not intended for manual editing.
version = 4

[[package]]
name = "c-enum"
version = "0.2.3"
source = "registry+https://github.com/rust-lang/crates.io-index"
checksum = "cd17eb909a8c6a894926bfcc3400a4bb0e732f5a57d37b1f14e8b29e329bace8"

[[package]]
name = "cupti"
version = "0.1.0"
dependencies = [
 "c-enum",
 "cupti-sys",
]

[[package]]
name = "cupti-sys"
version = "0.1.0"
